
Microsoft Visual Studio Solution File, Format Version 12.00
# Visual Studio Version 17
VisualStudioVersion = 17.5.33530.505
MinimumVisualStudioVersion = 10.0.40219.1
Project("{FAE04EC0-301F-11D3-BF4B-00C04F79EFBC}") = "Lab1WpfApp", "Lab1WpfApp\Lab1WpfApp.csproj", "{DD1CDDC7-061A-4A94-98D0-C45F752E2C17}"
EndProject
Project("{FAE04EC0-301F-11D3-BF4B-00C04F79EFBC}") = "HW", "HW\HW.csproj", "{AEE32B7A-775F-419C-B96B-3257C531B02C}"
EndProject
Global
	GlobalSection(SolutionConfigurationPlatforms) = preSolution
		Debug|Any CPU = Debug|Any CPU
		Release|Any CPU = Release|Any CPU
	EndGlobalSection
	GlobalSection(ProjectConfigurationPlatforms) = postSolution
		{DD1CDDC7-061A-4A94-98D0-C45F752E2C17}.Debug|Any CPU.ActiveCfg = Debug|Any CPU
		{DD1CDDC7-061A-4A94-98D0-C45F752E2C17}.Debug|Any CPU.Build.0 = Debug|Any CPU
		{DD1CDDC7-061A-4A94-98D0-C45F752E2C17}.Release|Any CPU.ActiveCfg = Release|Any CPU
		{DD1CDDC7-061A-4A94-98D0-C45F752E2C17}.Release|Any CPU.Build.0 = Release|Any CPU
		{AEE32B7A-775F-419C-B96B-3257C531B02C}.Debug|Any CPU.ActiveCfg = Debug|Any CPU
		{AEE32B7A-775F-419C-B96B-3257C531B02C}.Debug|Any CPU.Build.0 = Debug|Any CPU
		{AEE32B7A-775F-419C-B96B-3257C531B02C}.Release|Any CPU.ActiveCfg = Release|Any CPU
		{AEE32B7A-775F-419C-B96B-3257C531B02C}.Release|Any CPU.Build.0 = Release|Any CPU
	EndGlobalSection
	GlobalSection(SolutionProperties) = preSolution
		HideSolutionNode = FALSE
	EndGlobalSection
	GlobalSection(ExtensibilityGlobals) = postSolution
		SolutionGuid = {AD2FCCCB-EE19-4A69-92E5-05A7AE4463E3}
	EndGlobalSection
EndGlobal
